
Microsoft Visual Studio Solution File, Format Version 12.00
# Visual Studio Version 17
VisualStudioVersion = 17.6.33712.159
MinimumVisualStudioVersion = 10.0.40219.1
Project("{FAE04EC0-301F-11D3-BF4B-00C04F79EFBC}") = "Lab_7", "Lab_7\Lab_7.csproj", "{BA46DEA5-A3C8-4FEE-989D-3ECD3D46878A}"
EndProject
Global
	GlobalSection(SolutionConfigurationPlatforms) = preSolution
		Debug|Any CPU = Debug|Any CPU
		Release|Any CPU = Release|Any CPU
	EndGlobalSection
	GlobalSection(ProjectConfigurationPlatforms) = postSolution
		{BA46DEA5-A3C8-4FEE-989D-3ECD3D46878A}.Debug|Any CPU.ActiveCfg = Debug|Any CPU
		{BA46DEA5-A3C8-4FEE-989D-3ECD3D46878A}.Debug|Any CPU.Build.0 = Debug|Any CPU
		{BA46DEA5-A3C8-4FEE-989D-3ECD3D46878A}.Release|Any CPU.ActiveCfg = Release|Any CPU
		{BA46DEA5-A3C8-4FEE-989D-3ECD3D46878A}.Release|Any CPU.Build.0 = Release|Any CPU
	EndGlobalSection
	GlobalSection(SolutionProperties) = preSolution
		HideSolutionNode = FALSE
	EndGlobalSection
	GlobalSection(ExtensibilityGlobals) = postSolution
		SolutionGuid = {7874ABC3-58E6-430F-B656-A1F08A6C3664}
	EndGlobalSection
EndGlobal
